// !$*UTF8*$!
{
	archiveVersion = 1;
	classes = {
	};
	objectVersion = 55;
	objects = {

/* Begin PBXBuildFile section */
		9AA29B7418E4474B76273911 /* Pods_Veganny_Map.framework in Frameworks */ = {isa = PBXBuildFile; fileRef = 98D9CDEC786808BA4B9EA007 /* Pods_Veganny_Map.framework */; };
		D242FDA929135CE200C56DCE /* RestaurantCollectionViewCell.swift in Sources */ = {isa = PBXBuildFile; fileRef = D242FDA829135CE200C56DCE /* RestaurantCollectionViewCell.swift */; };
		D242FDAD29138B5700C56DCE /* HeaderView.swift in Sources */ = {isa = PBXBuildFile; fileRef = D242FDAC29138B5700C56DCE /* HeaderView.swift */; };
		D242FDAF2913D90B00C56DCE /* DetailViewController.swift in Sources */ = {isa = PBXBuildFile; fileRef = D242FDAE2913D90B00C56DCE /* DetailViewController.swift */; };
		D242FDB12913E21E00C56DCE /* PhotoTableViewCell.swift in Sources */ = {isa = PBXBuildFile; fileRef = D242FDB02913E21E00C56DCE /* PhotoTableViewCell.swift */; };
		D242FDB32913E26500C56DCE /* InfoTableViewCell.swift in Sources */ = {isa = PBXBuildFile; fileRef = D242FDB22913E26500C56DCE /* InfoTableViewCell.swift */; };
		D242FDB52913E28500C56DCE /* ReviewTableViewCell.swift in Sources */ = {isa = PBXBuildFile; fileRef = D242FDB42913E28500C56DCE /* ReviewTableViewCell.swift */; };
		D242FDBA2913E46700C56DCE /* PhotoCollectionViewCell.swift in Sources */ = {isa = PBXBuildFile; fileRef = D242FDB92913E46700C56DCE /* PhotoCollectionViewCell.swift */; };
		D26C5B13292730530031DD3C /* MJRefreshWrapper.swift in Sources */ = {isa = PBXBuildFile; fileRef = D26C5B12292730530031DD3C /* MJRefreshWrapper.swift */; };
		D26F258B2918E11C00A8CF1B /* User.swift in Sources */ = {isa = PBXBuildFile; fileRef = D26F258A2918E11C00A8CF1B /* User.swift */; };
		D26F258D2918F69900A8CF1B /* GoogleService-Info.plist in Resources */ = {isa = PBXBuildFile; fileRef = D26F258C2918F69900A8CF1B /* GoogleService-Info.plist */; };
		D26F2591291A364B00A8CF1B /* KingFisherWrapper.swift in Sources */ = {isa = PBXBuildFile; fileRef = D26F2590291A364B00A8CF1B /* KingFisherWrapper.swift */; };
		D26F2593291A625300A8CF1B /* CommentViewController.swift in Sources */ = {isa = PBXBuildFile; fileRef = D26F2592291A625300A8CF1B /* CommentViewController.swift */; };
		D26F2596291AAB7700A8CF1B /* CommentTableViewCell.swift in Sources */ = {isa = PBXBuildFile; fileRef = D26F2595291AAB7700A8CF1B /* CommentTableViewCell.swift */; };
		D28A5BE8290BE379005F5D50 /* AppDelegate.swift in Sources */ = {isa = PBXBuildFile; fileRef = D28A5BE7290BE379005F5D50 /* AppDelegate.swift */; };
		D28A5BEA290BE379005F5D50 /* SceneDelegate.swift in Sources */ = {isa = PBXBuildFile; fileRef = D28A5BE9290BE379005F5D50 /* SceneDelegate.swift */; };
		D28A5BEC290BE379005F5D50 /* MapViewController.swift in Sources */ = {isa = PBXBuildFile; fileRef = D28A5BEB290BE379005F5D50 /* MapViewController.swift */; };
		D28A5BEF290BE379005F5D50 /* Main.storyboard in Resources */ = {isa = PBXBuildFile; fileRef = D28A5BED290BE379005F5D50 /* Main.storyboard */; };
		D28A5BF1290BE37B005F5D50 /* Assets.xcassets in Resources */ = {isa = PBXBuildFile; fileRef = D28A5BF0290BE37B005F5D50 /* Assets.xcassets */; };
		D28A5BF4290BE37B005F5D50 /* LaunchScreen.storyboard in Resources */ = {isa = PBXBuildFile; fileRef = D28A5BF2290BE37B005F5D50 /* LaunchScreen.storyboard */; };
		D290F86E292F16D30031D84F /* BlockListViewController.swift in Sources */ = {isa = PBXBuildFile; fileRef = D290F86D292F16D30031D84F /* BlockListViewController.swift */; };
		D29F59FB29160BEE00513A63 /* PostTableViewCell.swift in Sources */ = {isa = PBXBuildFile; fileRef = D29F59F929160BEE00513A63 /* PostTableViewCell.swift */; };
		D29F59FC29160BEE00513A63 /* PostTableViewCell.xib in Resources */ = {isa = PBXBuildFile; fileRef = D29F59FA29160BEE00513A63 /* PostTableViewCell.xib */; };
		D29F59FE29160C6300513A63 /* PostViewController.swift in Sources */ = {isa = PBXBuildFile; fileRef = D29F59FD29160C6300513A63 /* PostViewController.swift */; };
		D29F5A01291627A400513A63 /* PublishViewController.swift in Sources */ = {isa = PBXBuildFile; fileRef = D29F5A00291627A400513A63 /* PublishViewController.swift */; };
		D2A0677E290F96CF00988C56 /* PlaceSearch.swift in Sources */ = {isa = PBXBuildFile; fileRef = D2A0677D290F96CF00988C56 /* PlaceSearch.swift */; };
		D2A06780290F970700988C56 /* PlaceDetails.swift in Sources */ = {isa = PBXBuildFile; fileRef = D2A0677F290F970700988C56 /* PlaceDetails.swift */; };
		D2A06782290FCD6A00988C56 /* GoogleMapListController.swift in Sources */ = {isa = PBXBuildFile; fileRef = D2A06781290FCD6A00988C56 /* GoogleMapListController.swift */; };
		D2A0678429113BEE00988C56 /* RestaurantViewController.swift in Sources */ = {isa = PBXBuildFile; fileRef = D2A0678329113BEE00988C56 /* RestaurantViewController.swift */; };
		D2A0678629113CCE00988C56 /* RestaurantTableViewCell.swift in Sources */ = {isa = PBXBuildFile; fileRef = D2A0678529113CCE00988C56 /* RestaurantTableViewCell.swift */; };
		D2A6131C2923381F0095AED2 /* SignInViewController.swift in Sources */ = {isa = PBXBuildFile; fileRef = D2A6131B2923381F0095AED2 /* SignInViewController.swift */; };
		D2A6131E2923431A0095AED2 /* CustomFunc.swift in Sources */ = {isa = PBXBuildFile; fileRef = D2A6131D2923431A0095AED2 /* CustomFunc.swift */; };
		D2A61320292381BC0095AED2 /* TabBarViewController.swift in Sources */ = {isa = PBXBuildFile; fileRef = D2A6131F292381BC0095AED2 /* TabBarViewController.swift */; };
		D2AA73012926740600628BD8 /* 84914-purple.json in Resources */ = {isa = PBXBuildFile; fileRef = D2AA73002926740600628BD8 /* 84914-purple.json */; };
		D2B21DE5292758C000592FBA /* CheckinViewController.swift in Sources */ = {isa = PBXBuildFile; fileRef = D2B21DE4292758C000592FBA /* CheckinViewController.swift */; };
		D2B21DE729275B8F00592FBA /* CheckinTableViewCell.swift in Sources */ = {isa = PBXBuildFile; fileRef = D2B21DE629275B8F00592FBA /* CheckinTableViewCell.swift */; };
		D2C5ABDE292C608C0066CA93 /* ReviewDetailViewController.swift in Sources */ = {isa = PBXBuildFile; fileRef = D2C5ABDD292C608C0066CA93 /* ReviewDetailViewController.swift */; };
		D2D180E8291F848000661B4C /* TimeInterval+Extension.swift in Sources */ = {isa = PBXBuildFile; fileRef = D2D180E7291F848000661B4C /* TimeInterval+Extension.swift */; };
		D2D6AE8B292E2A11006144C8 /* File.swift in Sources */ = {isa = PBXBuildFile; fileRef = D2D6AE8A292E2A11006144C8 /* File.swift */; };
		D2DEC44A291C8AB4001328CE /* SaveViewController.swift in Sources */ = {isa = PBXBuildFile; fileRef = D2DEC449291C8AB4001328CE /* SaveViewController.swift */; };
		D2DEC44F291C8F1F001328CE /* SaveTableViewCell.swift in Sources */ = {isa = PBXBuildFile; fileRef = D2DEC44E291C8F1F001328CE /* SaveTableViewCell.swift */; };
		D2DEC453291DF4CE001328CE /* ProfileViewController.swift in Sources */ = {isa = PBXBuildFile; fileRef = D2DEC452291DF4CE001328CE /* ProfileViewController.swift */; };
		D2F477EC2924B92F00B56067 /* EditProfileViewController.swift in Sources */ = {isa = PBXBuildFile; fileRef = D2F477EB2924B92F00B56067 /* EditProfileViewController.swift */; };
		D2FC5F242914D66D00ADBBEB /* ReviewCollectionViewCell.swift in Sources */ = {isa = PBXBuildFile; fileRef = D2FC5F232914D66D00ADBBEB /* ReviewCollectionViewCell.swift */; };
/* End PBXBuildFile section */

/* Begin PBXFileReference section */
		0F65300785C72F81C38D5308 /* Pods-Veganny Map.release.xcconfig */ = {isa = PBXFileReference; includeInIndex = 1; lastKnownFileType = text.xcconfig; name = "Pods-Veganny Map.release.xcconfig"; path = "Target Support Files/Pods-Veganny Map/Pods-Veganny Map.release.xcconfig"; sourceTree = "<group>"; };
		7154E386B18B67A32248E8D7 /* Pods-Veganny Map.debug.xcconfig */ = {isa = PBXFileReference; includeInIndex = 1; lastKnownFileType = text.xcconfig; name = "Pods-Veganny Map.debug.xcconfig"; path = "Target Support Files/Pods-Veganny Map/Pods-Veganny Map.debug.xcconfig"; sourceTree = "<group>"; };
		98D9CDEC786808BA4B9EA007 /* Pods_Veganny_Map.framework */ = {isa = PBXFileReference; explicitFileType = wrapper.framework; includeInIndex = 0; path = Pods_Veganny_Map.framework; sourceTree = BUILT_PRODUCTS_DIR; };
		D242FDA829135CE200C56DCE /* RestaurantCollectionViewCell.swift */ = {isa = PBXFileReference; lastKnownFileType = sourcecode.swift; path = RestaurantCollectionViewCell.swift; sourceTree = "<group>"; };
		D242FDAC29138B5700C56DCE /* HeaderView.swift */ = {isa = PBXFileReference; lastKnownFileType = sourcecode.swift; path = HeaderView.swift; sourceTree = "<group>"; };
		D242FDAE2913D90B00C56DCE /* DetailViewController.swift */ = {isa = PBXFileReference; lastKnownFileType = sourcecode.swift; path = DetailViewController.swift; sourceTree = "<group>"; };
		D242FDB02913E21E00C56DCE /* PhotoTableViewCell.swift */ = {isa = PBXFileReference; lastKnownFileType = sourcecode.swift; path = PhotoTableViewCell.swift; sourceTree = "<group>"; };
		D242FDB22913E26500C56DCE /* InfoTableViewCell.swift */ = {isa = PBXFileReference; lastKnownFileType = sourcecode.swift; path = InfoTableViewCell.swift; sourceTree = "<group>"; };
		D242FDB42913E28500C56DCE /* ReviewTableViewCell.swift */ = {isa = PBXFileReference; lastKnownFileType = sourcecode.swift; path = ReviewTableViewCell.swift; sourceTree = "<group>"; };
		D242FDB92913E46700C56DCE /* PhotoCollectionViewCell.swift */ = {isa = PBXFileReference; lastKnownFileType = sourcecode.swift; path = PhotoCollectionViewCell.swift; sourceTree = "<group>"; };
		D26C5B12292730530031DD3C /* MJRefreshWrapper.swift */ = {isa = PBXFileReference; lastKnownFileType = sourcecode.swift; path = MJRefreshWrapper.swift; sourceTree = "<group>"; };
		D26F258A2918E11C00A8CF1B /* User.swift */ = {isa = PBXFileReference; lastKnownFileType = sourcecode.swift; path = User.swift; sourceTree = "<group>"; };
		D26F258C2918F69900A8CF1B /* GoogleService-Info.plist */ = {isa = PBXFileReference; fileEncoding = 4; lastKnownFileType = text.plist.xml; path = "GoogleService-Info.plist"; sourceTree = "<group>"; };
		D26F2590291A364B00A8CF1B /* KingFisherWrapper.swift */ = {isa = PBXFileReference; lastKnownFileType = sourcecode.swift; path = KingFisherWrapper.swift; sourceTree = "<group>"; };
		D26F2592291A625300A8CF1B /* CommentViewController.swift */ = {isa = PBXFileReference; lastKnownFileType = sourcecode.swift; name = CommentViewController.swift; path = "Veganny Map/Controller/Comment/CommentViewController.swift"; sourceTree = SOURCE_ROOT; };
		D26F2595291AAB7700A8CF1B /* CommentTableViewCell.swift */ = {isa = PBXFileReference; lastKnownFileType = sourcecode.swift; path = CommentTableViewCell.swift; sourceTree = "<group>"; };
		D28A5BE4290BE379005F5D50 /* Veganny Map.app */ = {isa = PBXFileReference; explicitFileType = wrapper.application; includeInIndex = 0; path = "Veganny Map.app"; sourceTree = BUILT_PRODUCTS_DIR; };
		D28A5BE7290BE379005F5D50 /* AppDelegate.swift */ = {isa = PBXFileReference; lastKnownFileType = sourcecode.swift; path = AppDelegate.swift; sourceTree = "<group>"; };
		D28A5BE9290BE379005F5D50 /* SceneDelegate.swift */ = {isa = PBXFileReference; lastKnownFileType = sourcecode.swift; path = SceneDelegate.swift; sourceTree = "<group>"; };
		D28A5BEB290BE379005F5D50 /* MapViewController.swift */ = {isa = PBXFileReference; lastKnownFileType = sourcecode.swift; path = MapViewController.swift; sourceTree = "<group>"; };
		D28A5BEE290BE379005F5D50 /* Base */ = {isa = PBXFileReference; lastKnownFileType = file.storyboard; name = Base; path = Base.lproj/Main.storyboard; sourceTree = "<group>"; };
		D28A5BF0290BE37B005F5D50 /* Assets.xcassets */ = {isa = PBXFileReference; lastKnownFileType = folder.assetcatalog; path = Assets.xcassets; sourceTree = "<group>"; };
		D28A5BF3290BE37B005F5D50 /* Base */ = {isa = PBXFileReference; lastKnownFileType = file.storyboard; name = Base; path = Base.lproj/LaunchScreen.storyboard; sourceTree = "<group>"; };
		D28A5BF5290BE37B005F5D50 /* Info.plist */ = {isa = PBXFileReference; lastKnownFileType = text.plist.xml; path = Info.plist; sourceTree = "<group>"; };
		D290F86D292F16D30031D84F /* BlockListViewController.swift */ = {isa = PBXFileReference; lastKnownFileType = sourcecode.swift; name = BlockListViewController.swift; path = "Veganny Map/Controller/BlockListViewController.swift"; sourceTree = SOURCE_ROOT; };
		D29F59F929160BEE00513A63 /* PostTableViewCell.swift */ = {isa = PBXFileReference; lastKnownFileType = sourcecode.swift; path = PostTableViewCell.swift; sourceTree = "<group>"; };
		D29F59FA29160BEE00513A63 /* PostTableViewCell.xib */ = {isa = PBXFileReference; lastKnownFileType = file.xib; path = PostTableViewCell.xib; sourceTree = "<group>"; };
		D29F59FD29160C6300513A63 /* PostViewController.swift */ = {isa = PBXFileReference; lastKnownFileType = sourcecode.swift; path = PostViewController.swift; sourceTree = "<group>"; };
		D29F5A00291627A400513A63 /* PublishViewController.swift */ = {isa = PBXFileReference; lastKnownFileType = sourcecode.swift; path = PublishViewController.swift; sourceTree = "<group>"; };
		D2A0677D290F96CF00988C56 /* PlaceSearch.swift */ = {isa = PBXFileReference; lastKnownFileType = sourcecode.swift; path = PlaceSearch.swift; sourceTree = "<group>"; };
		D2A0677F290F970700988C56 /* PlaceDetails.swift */ = {isa = PBXFileReference; lastKnownFileType = sourcecode.swift; path = PlaceDetails.swift; sourceTree = "<group>"; };
		D2A06781290FCD6A00988C56 /* GoogleMapListController.swift */ = {isa = PBXFileReference; lastKnownFileType = sourcecode.swift; path = GoogleMapListController.swift; sourceTree = "<group>"; };
		D2A0678329113BEE00988C56 /* RestaurantViewController.swift */ = {isa = PBXFileReference; lastKnownFileType = sourcecode.swift; path = RestaurantViewController.swift; sourceTree = "<group>"; };
		D2A0678529113CCE00988C56 /* RestaurantTableViewCell.swift */ = {isa = PBXFileReference; lastKnownFileType = sourcecode.swift; path = RestaurantTableViewCell.swift; sourceTree = "<group>"; };
		D2A6131A292335BD0095AED2 /* Veganny Map.entitlements */ = {isa = PBXFileReference; lastKnownFileType = text.plist.entitlements; path = "Veganny Map.entitlements"; sourceTree = "<group>"; };
		D2A6131B2923381F0095AED2 /* SignInViewController.swift */ = {isa = PBXFileReference; lastKnownFileType = sourcecode.swift; path = SignInViewController.swift; sourceTree = "<group>"; };
		D2A6131D2923431A0095AED2 /* CustomFunc.swift */ = {isa = PBXFileReference; lastKnownFileType = sourcecode.swift; path = CustomFunc.swift; sourceTree = "<group>"; };
		D2A6131F292381BC0095AED2 /* TabBarViewController.swift */ = {isa = PBXFileReference; lastKnownFileType = sourcecode.swift; name = TabBarViewController.swift; path = "Veganny Map/Controller/ProfileViewController/TabBarViewController.swift"; sourceTree = SOURCE_ROOT; };
		D2AA73002926740600628BD8 /* 84914-purple.json */ = {isa = PBXFileReference; fileEncoding = 4; lastKnownFileType = text.json; path = "84914-purple.json"; sourceTree = "<group>"; };
		D2B21DE4292758C000592FBA /* CheckinViewController.swift */ = {isa = PBXFileReference; lastKnownFileType = sourcecode.swift; path = CheckinViewController.swift; sourceTree = "<group>"; };
		D2B21DE629275B8F00592FBA /* CheckinTableViewCell.swift */ = {isa = PBXFileReference; lastKnownFileType = sourcecode.swift; path = CheckinTableViewCell.swift; sourceTree = "<group>"; };
		D2C5ABDD292C608C0066CA93 /* ReviewDetailViewController.swift */ = {isa = PBXFileReference; lastKnownFileType = sourcecode.swift; path = ReviewDetailViewController.swift; sourceTree = "<group>"; };
		D2D180E7291F848000661B4C /* TimeInterval+Extension.swift */ = {isa = PBXFileReference; lastKnownFileType = sourcecode.swift; path = "TimeInterval+Extension.swift"; sourceTree = "<group>"; };
		D2D6AE8A292E2A11006144C8 /* File.swift */ = {isa = PBXFileReference; lastKnownFileType = sourcecode.swift; path = File.swift; sourceTree = "<group>"; };
		D2DEC449291C8AB4001328CE /* SaveViewController.swift */ = {isa = PBXFileReference; lastKnownFileType = sourcecode.swift; name = SaveViewController.swift; path = "Veganny Map/Controller/Save/SaveViewController.swift"; sourceTree = SOURCE_ROOT; };
		D2DEC44E291C8F1F001328CE /* SaveTableViewCell.swift */ = {isa = PBXFileReference; lastKnownFileType = sourcecode.swift; path = SaveTableViewCell.swift; sourceTree = "<group>"; };
		D2DEC452291DF4CE001328CE /* ProfileViewController.swift */ = {isa = PBXFileReference; lastKnownFileType = sourcecode.swift; path = ProfileViewController.swift; sourceTree = "<group>"; };
		D2F477EB2924B92F00B56067 /* EditProfileViewController.swift */ = {isa = PBXFileReference; lastKnownFileType = sourcecode.swift; name = EditProfileViewController.swift; path = "Veganny Map/Controller/ProfileViewController/EditProfileViewController.swift"; sourceTree = SOURCE_ROOT; };
		D2FC5F232914D66D00ADBBEB /* ReviewCollectionViewCell.swift */ = {isa = PBXFileReference; lastKnownFileType = sourcecode.swift; path = ReviewCollectionViewCell.swift; sourceTree = "<group>"; };
/* End PBXFileReference section */

/* Begin PBXFrameworksBuildPhase section */
		D28A5BE1290BE379005F5D50 /* Frameworks */ = {
			isa = PBXFrameworksBuildPhase;
			buildActionMask = 2147483647;
			files = (
				9AA29B7418E4474B76273911 /* Pods_Veganny_Map.framework in Frameworks */,
			);
			runOnlyForDeploymentPostprocessing = 0;
		};
/* End PBXFrameworksBuildPhase section */

/* Begin PBXGroup section */
		960A9DE6DAD1D5C73FE3DEC7 /* Pods */ = {
			isa = PBXGroup;
			children = (
				7154E386B18B67A32248E8D7 /* Pods-Veganny Map.debug.xcconfig */,
				0F65300785C72F81C38D5308 /* Pods-Veganny Map.release.xcconfig */,
			);
			path = Pods;
			sourceTree = "<group>";
		};
		D242FDAA29135D7000C56DCE /* Map */ = {
			isa = PBXGroup;
			children = (
				D2A06781290FCD6A00988C56 /* GoogleMapListController.swift */,
				D28A5BEB290BE379005F5D50 /* MapViewController.swift */,
			);
			path = Map;
			sourceTree = "<group>";
		};
		D242FDAB29135D8700C56DCE /* Restaurant */ = {
			isa = PBXGroup;
			children = (
				D2A0678329113BEE00988C56 /* RestaurantViewController.swift */,
			);
			path = Restaurant;
			sourceTree = "<group>";
		};
		D242FDB62913E2BD00C56DCE /* Detail */ = {
			isa = PBXGroup;
			children = (
				D242FDAE2913D90B00C56DCE /* DetailViewController.swift */,
				D2C5ABDD292C608C0066CA93 /* ReviewDetailViewController.swift */,
			);
			path = Detail;
			sourceTree = "<group>";
		};
		D242FDB72913E2CC00C56DCE /* Detail */ = {
			isa = PBXGroup;
			children = (
				D242FDB02913E21E00C56DCE /* PhotoTableViewCell.swift */,
				D242FDB42913E28500C56DCE /* ReviewTableViewCell.swift */,
				D242FDB22913E26500C56DCE /* InfoTableViewCell.swift */,
				D242FDB92913E46700C56DCE /* PhotoCollectionViewCell.swift */,
				D2FC5F232914D66D00ADBBEB /* ReviewCollectionViewCell.swift */,
			);
			path = Detail;
			sourceTree = "<group>";
		};
		D242FDB82913E2DE00C56DCE /* Restaurant */ = {
			isa = PBXGroup;
			children = (
				D2A0678529113CCE00988C56 /* RestaurantTableViewCell.swift */,
				D242FDA829135CE200C56DCE /* RestaurantCollectionViewCell.swift */,
				D242FDAC29138B5700C56DCE /* HeaderView.swift */,
			);
			path = Restaurant;
			sourceTree = "<group>";
		};
		D26F258F291A363700A8CF1B /* Third Party Wrapper */ = {
			isa = PBXGroup;
			children = (
				D26F2590291A364B00A8CF1B /* KingFisherWrapper.swift */,
				D26C5B12292730530031DD3C /* MJRefreshWrapper.swift */,
			);
			path = "Third Party Wrapper";
			sourceTree = "<group>";
		};
		D26F2594291A628400A8CF1B /* Comment */ = {
			isa = PBXGroup;
			children = (
				D26F2592291A625300A8CF1B /* CommentViewController.swift */,
			);
			path = Comment;
			sourceTree = "<group>";
		};
		D26F2597291AAB8500A8CF1B /* Comment */ = {
			isa = PBXGroup;
			children = (
				D26F2595291AAB7700A8CF1B /* CommentTableViewCell.swift */,
			);
			path = Comment;
			sourceTree = "<group>";
		};
		D284239B291B92BC001E336F /* Post */ = {
			isa = PBXGroup;
			children = (
				D29F59FD29160C6300513A63 /* PostViewController.swift */,
				D29F5A00291627A400513A63 /* PublishViewController.swift */,
				D2B21DE4292758C000592FBA /* CheckinViewController.swift */,
			);
			path = Post;
			sourceTree = "<group>";
		};
		D28A5BDB290BE379005F5D50 = {
			isa = PBXGroup;
			children = (
				D28A5BE6290BE379005F5D50 /* Veganny Map */,
				D28A5BE5290BE379005F5D50 /* Products */,
				960A9DE6DAD1D5C73FE3DEC7 /* Pods */,
				D97259CB2DBA56203E735308 /* Frameworks */,
			);
			sourceTree = "<group>";
		};
		D28A5BE5290BE379005F5D50 /* Products */ = {
			isa = PBXGroup;
			children = (
				D28A5BE4290BE379005F5D50 /* Veganny Map.app */,
			);
			name = Products;
			sourceTree = "<group>";
		};
		D28A5BE6290BE379005F5D50 /* Veganny Map */ = {
			isa = PBXGroup;
			children = (
				D2A6131A292335BD0095AED2 /* Veganny Map.entitlements */,
				D28A5BFB290D1616005F5D50 /* Resource */,
				D2D180E9291F854000661B4C /* Extension */,
				D26F258F291A363700A8CF1B /* Third Party Wrapper */,
				D2A0677C290F966600988C56 /* Model */,
				D28A5BFD290D16A0005F5D50 /* View */,
				D28A5BFC290D1632005F5D50 /* Controller */,
				D28A5BE7290BE379005F5D50 /* AppDelegate.swift */,
				D28A5BE9290BE379005F5D50 /* SceneDelegate.swift */,
				D26F258C2918F69900A8CF1B /* GoogleService-Info.plist */,
				D28A5BF5290BE37B005F5D50 /* Info.plist */,
			);
			path = "Veganny Map";
			sourceTree = "<group>";
		};
		D28A5BFB290D1616005F5D50 /* Resource */ = {
			isa = PBXGroup;
			children = (
				D2AA73002926740600628BD8 /* 84914-purple.json */,
				D28A5BF0290BE37B005F5D50 /* Assets.xcassets */,
			);
			path = Resource;
			sourceTree = "<group>";
		};
		D28A5BFC290D1632005F5D50 /* Controller */ = {
			isa = PBXGroup;
			children = (
				D2F477EA2924B4DC00B56067 /* ProfileViewController */,
				D2DEC451291CD31F001328CE /* Save */,
				D284239B291B92BC001E336F /* Post */,
				D26F2594291A628400A8CF1B /* Comment */,
				D242FDAB29135D8700C56DCE /* Restaurant */,
				D242FDB62913E2BD00C56DCE /* Detail */,
				D242FDAA29135D7000C56DCE /* Map */,
			);
			path = Controller;
			sourceTree = "<group>";
		};
		D28A5BFD290D16A0005F5D50 /* View */ = {
			isa = PBXGroup;
			children = (
				D2DEC450291CD311001328CE /* Save */,
				D29F59FF2916262300513A63 /* Post */,
				D26F2597291AAB8500A8CF1B /* Comment */,
				D242FDB82913E2DE00C56DCE /* Restaurant */,
				D242FDB72913E2CC00C56DCE /* Detail */,
				D28A5BED290BE379005F5D50 /* Main.storyboard */,
				D290F86D292F16D30031D84F /* BlockListViewController.swift */,
				D28A5BF2290BE37B005F5D50 /* LaunchScreen.storyboard */,
			);
			path = View;
			sourceTree = "<group>";
		};
		D29F59FF2916262300513A63 /* Post */ = {
			isa = PBXGroup;
			children = (
				D29F59F929160BEE00513A63 /* PostTableViewCell.swift */,
				D29F59FA29160BEE00513A63 /* PostTableViewCell.xib */,
				D2B21DE629275B8F00592FBA /* CheckinTableViewCell.swift */,
			);
			path = Post;
			sourceTree = "<group>";
		};
		D2A0677C290F966600988C56 /* Model */ = {
			isa = PBXGroup;
			children = (
				D2A0677D290F96CF00988C56 /* PlaceSearch.swift */,
				D2A0677F290F970700988C56 /* PlaceDetails.swift */,
				D26F258A2918E11C00A8CF1B /* User.swift */,
			);
			path = Model;
			sourceTree = "<group>";
		};
		D2D180E9291F854000661B4C /* Extension */ = {
			isa = PBXGroup;
			children = (
				D2D180E7291F848000661B4C /* TimeInterval+Extension.swift */,
				D2A6131D2923431A0095AED2 /* CustomFunc.swift */,
				D2D6AE8A292E2A11006144C8 /* File.swift */,
			);
			path = Extension;
			sourceTree = "<group>";
		};
		D2DEC450291CD311001328CE /* Save */ = {
			isa = PBXGroup;
			children = (
				D2DEC44E291C8F1F001328CE /* SaveTableViewCell.swift */,
			);
			path = Save;
			sourceTree = "<group>";
		};
		D2DEC451291CD31F001328CE /* Save */ = {
			isa = PBXGroup;
			children = (
				D2DEC449291C8AB4001328CE /* SaveViewController.swift */,
			);
			path = Save;
			sourceTree = "<group>";
		};
		D2F477EA2924B4DC00B56067 /* ProfileViewController */ = {
			isa = PBXGroup;
			children = (
				D2A6131B2923381F0095AED2 /* SignInViewController.swift */,
				D2DEC452291DF4CE001328CE /* ProfileViewController.swift */,
				D2F477EB2924B92F00B56067 /* EditProfileViewController.swift */,
				D2A6131F292381BC0095AED2 /* TabBarViewController.swift */,
			);
			path = ProfileViewController;
			sourceTree = "<group>";
		};
		D97259CB2DBA56203E735308 /* Frameworks */ = {
			isa = PBXGroup;
			children = (
				98D9CDEC786808BA4B9EA007 /* Pods_Veganny_Map.framework */,
			);
			name = Frameworks;
			sourceTree = "<group>";
		};
/* End PBXGroup section */

/* Begin PBXNativeTarget section */
		D28A5BE3290BE379005F5D50 /* Veganny Map */ = {
			isa = PBXNativeTarget;
			buildConfigurationList = D28A5BF8290BE37B005F5D50 /* Build configuration list for PBXNativeTarget "Veganny Map" */;
			buildPhases = (
				13E15D57CEC78DEE72A46B55 /* [CP] Check Pods Manifest.lock */,
				D28A5BE0290BE379005F5D50 /* Sources */,
				D28A5BE1290BE379005F5D50 /* Frameworks */,
				D28A5BE2290BE379005F5D50 /* Resources */,
				46B403BD2094E60C53154FAE /* [CP] Copy Pods Resources */,
				D2A0677B290F5C0200988C56 /* ShellScript */,
				FA5365BE82D801F5C863084F /* [CP] Embed Pods Frameworks */,
			);
			buildRules = (
			);
			dependencies = (
			);
			name = "Veganny Map";
			productName = "Veganny Map";
			productReference = D28A5BE4290BE379005F5D50 /* Veganny Map.app */;
			productType = "com.apple.product-type.application";
		};
/* End PBXNativeTarget section */

/* Begin PBXProject section */
		D28A5BDC290BE379005F5D50 /* Project object */ = {
			isa = PBXProject;
			attributes = {
				BuildIndependentTargetsInParallel = 1;
				LastSwiftUpdateCheck = 1340;
				LastUpgradeCheck = 1340;
				TargetAttributes = {
					D28A5BE3290BE379005F5D50 = {
						CreatedOnToolsVersion = 13.4.1;
					};
				};
			};
			buildConfigurationList = D28A5BDF290BE379005F5D50 /* Build configuration list for PBXProject "Veganny Map" */;
			compatibilityVersion = "Xcode 13.0";
			developmentRegion = en;
			hasScannedForEncodings = 0;
			knownRegions = (
				en,
				Base,
			);
			mainGroup = D28A5BDB290BE379005F5D50;
			productRefGroup = D28A5BE5290BE379005F5D50 /* Products */;
			projectDirPath = "";
			projectRoot = "";
			targets = (
				D28A5BE3290BE379005F5D50 /* Veganny Map */,
			);
		};
/* End PBXProject section */

/* Begin PBXResourcesBuildPhase section */
		D28A5BE2290BE379005F5D50 /* Resources */ = {
			isa = PBXResourcesBuildPhase;
			buildActionMask = 2147483647;
			files = (
				D28A5BF4290BE37B005F5D50 /* LaunchScreen.storyboard in Resources */,
				D28A5BF1290BE37B005F5D50 /* Assets.xcassets in Resources */,
				D26F258D2918F69900A8CF1B /* GoogleService-Info.plist in Resources */,
				D28A5BEF290BE379005F5D50 /* Main.storyboard in Resources */,
				D2AA73012926740600628BD8 /* 84914-purple.json in Resources */,
				D29F59FC29160BEE00513A63 /* PostTableViewCell.xib in Resources */,
			);
			runOnlyForDeploymentPostprocessing = 0;
		};
/* End PBXResourcesBuildPhase section */

/* Begin PBXShellScriptBuildPhase section */
		13E15D57CEC78DEE72A46B55 /* [CP] Check Pods Manifest.lock */ = {
			isa = PBXShellScriptBuildPhase;
			buildActionMask = 2147483647;
			files = (
			);
			inputFileListPaths = (
			);
			inputPaths = (
				"${PODS_PODFILE_DIR_PATH}/Podfile.lock",
				"${PODS_ROOT}/Manifest.lock",
			);
			name = "[CP] Check Pods Manifest.lock";
			outputFileListPaths = (
			);
			outputPaths = (
				"$(DERIVED_FILE_DIR)/Pods-Veganny Map-checkManifestLockResult.txt",
			);
			runOnlyForDeploymentPostprocessing = 0;
			shellPath = /bin/sh;
			shellScript = "diff \"${PODS_PODFILE_DIR_PATH}/Podfile.lock\" \"${PODS_ROOT}/Manifest.lock\" > /dev/null\nif [ $? != 0 ] ; then\n    # print error to STDERR\n    echo \"error: The sandbox is not in sync with the Podfile.lock. Run 'pod install' or update your CocoaPods installation.\" >&2\n    exit 1\nfi\n# This output is used by Xcode 'outputs' to avoid re-running this script phase.\necho \"SUCCESS\" > \"${SCRIPT_OUTPUT_FILE_0}\"\n";
			showEnvVarsInLog = 0;
		};
		46B403BD2094E60C53154FAE /* [CP] Copy Pods Resources */ = {
			isa = PBXShellScriptBuildPhase;
			buildActionMask = 2147483647;
			files = (
			);
			inputFileListPaths = (
				"${PODS_ROOT}/Target Support Files/Pods-Veganny Map/Pods-Veganny Map-resources-${CONFIGURATION}-input-files.xcfilelist",
			);
			name = "[CP] Copy Pods Resources";
			outputFileListPaths = (
				"${PODS_ROOT}/Target Support Files/Pods-Veganny Map/Pods-Veganny Map-resources-${CONFIGURATION}-output-files.xcfilelist",
			);
			runOnlyForDeploymentPostprocessing = 0;
			shellPath = /bin/sh;
			shellScript = "\"${PODS_ROOT}/Target Support Files/Pods-Veganny Map/Pods-Veganny Map-resources.sh\"\n";
			showEnvVarsInLog = 0;
		};
		D2A0677B290F5C0200988C56 /* ShellScript */ = {
			isa = PBXShellScriptBuildPhase;
			buildActionMask = 2147483647;
			files = (
			);
			inputFileListPaths = (
			);
			inputPaths = (
			);
			outputFileListPaths = (
			);
			outputPaths = (
			);
			runOnlyForDeploymentPostprocessing = 0;
			shellPath = /bin/sh;
			shellScript = "\"${PODS_ROOT}/SwiftLint/swiftlint\"\n";
		};
		FA5365BE82D801F5C863084F /* [CP] Embed Pods Frameworks */ = {
			isa = PBXShellScriptBuildPhase;
			buildActionMask = 2147483647;
			files = (
			);
			inputFileListPaths = (
				"${PODS_ROOT}/Target Support Files/Pods-Veganny Map/Pods-Veganny Map-frameworks-${CONFIGURATION}-input-files.xcfilelist",
			);
			name = "[CP] Embed Pods Frameworks";
			outputFileListPaths = (
				"${PODS_ROOT}/Target Support Files/Pods-Veganny Map/Pods-Veganny Map-frameworks-${CONFIGURATION}-output-files.xcfilelist",
			);
			runOnlyForDeploymentPostprocessing = 0;
			shellPath = /bin/sh;
			shellScript = "\"${PODS_ROOT}/Target Support Files/Pods-Veganny Map/Pods-Veganny Map-frameworks.sh\"\n";
			showEnvVarsInLog = 0;
		};
/* End PBXShellScriptBuildPhase section */

/* Begin PBXSourcesBuildPhase section */
		D28A5BE0290BE379005F5D50 /* Sources */ = {
			isa = PBXSourcesBuildPhase;
			buildActionMask = 2147483647;
			files = (
				D2A6131C2923381F0095AED2 /* SignInViewController.swift in Sources */,
				D2DEC44F291C8F1F001328CE /* SaveTableViewCell.swift in Sources */,
				D29F59FE29160C6300513A63 /* PostViewController.swift in Sources */,
				D2A61320292381BC0095AED2 /* TabBarViewController.swift in Sources */,
				D2F477EC2924B92F00B56067 /* EditProfileViewController.swift in Sources */,
				D26C5B13292730530031DD3C /* MJRefreshWrapper.swift in Sources */,
				D2A6131E2923431A0095AED2 /* CustomFunc.swift in Sources */,
				D290F86E292F16D30031D84F /* BlockListViewController.swift in Sources */,
				D2DEC44A291C8AB4001328CE /* SaveViewController.swift in Sources */,
				D242FDB32913E26500C56DCE /* InfoTableViewCell.swift in Sources */,
				D242FDAF2913D90B00C56DCE /* DetailViewController.swift in Sources */,
				D2C5ABDE292C608C0066CA93 /* ReviewDetailViewController.swift in Sources */,
				D26F2596291AAB7700A8CF1B /* CommentTableViewCell.swift in Sources */,
				D29F59FB29160BEE00513A63 /* PostTableViewCell.swift in Sources */,
				D2A06780290F970700988C56 /* PlaceDetails.swift in Sources */,
				D2B21DE729275B8F00592FBA /* CheckinTableViewCell.swift in Sources */,
				D242FDA929135CE200C56DCE /* RestaurantCollectionViewCell.swift in Sources */,
				D28A5BEC290BE379005F5D50 /* MapViewController.swift in Sources */,
				D2DEC453291DF4CE001328CE /* ProfileViewController.swift in Sources */,
				D242FDB52913E28500C56DCE /* ReviewTableViewCell.swift in Sources */,
				D26F258B2918E11C00A8CF1B /* User.swift in Sources */,
				D2A0678629113CCE00988C56 /* RestaurantTableViewCell.swift in Sources */,
				D2B21DE5292758C000592FBA /* CheckinViewController.swift in Sources */,
				D26F2593291A625300A8CF1B /* CommentViewController.swift in Sources */,
				D28A5BE8290BE379005F5D50 /* AppDelegate.swift in Sources */,
				D2D180E8291F848000661B4C /* TimeInterval+Extension.swift in Sources */,
				D2D6AE8B292E2A11006144C8 /* File.swift in Sources */,
				D242FDAD29138B5700C56DCE /* HeaderView.swift in Sources */,
				D28A5BEA290BE379005F5D50 /* SceneDelegate.swift in Sources */,
				D29F5A01291627A400513A63 /* PublishViewController.swift in Sources */,
				D2FC5F242914D66D00ADBBEB /* ReviewCollectionViewCell.swift in Sources */,
				D242FDB12913E21E00C56DCE /* PhotoTableViewCell.swift in Sources */,
				D26F2591291A364B00A8CF1B /* KingFisherWrapper.swift in Sources */,
				D242FDBA2913E46700C56DCE /* PhotoCollectionViewCell.swift in Sources */,
				D2A0678429113BEE00988C56 /* RestaurantViewController.swift in Sources */,
				D2A0677E290F96CF00988C56 /* PlaceSearch.swift in Sources */,
				D2A06782290FCD6A00988C56 /* GoogleMapListController.swift in Sources */,
			);
			runOnlyForDeploymentPostprocessing = 0;
		};
/* End PBXSourcesBuildPhase section */

/* Begin PBXVariantGroup section */
		D28A5BED290BE379005F5D50 /* Main.storyboard */ = {
			isa = PBXVariantGroup;
			children = (
				D28A5BEE290BE379005F5D50 /* Base */,
			);
			name = Main.storyboard;
			sourceTree = "<group>";
		};
		D28A5BF2290BE37B005F5D50 /* LaunchScreen.storyboard */ = {
			isa = PBXVariantGroup;
			children = (
				D28A5BF3290BE37B005F5D50 /* Base */,
			);
			name = LaunchScreen.storyboard;
			sourceTree = "<group>";
		};
/* End PBXVariantGroup section */

/* Begin XCBuildConfiguration section */
		D28A5BF6290BE37B005F5D50 /* Debug */ = {
			isa = XCBuildConfiguration;
			buildSettings = {
				ALWAYS_SEARCH_USER_PATHS = NO;
				CLANG_ANALYZER_NONNULL = YES;
				CLANG_ANALYZER_NUMBER_OBJECT_CONVERSION = YES_AGGRESSIVE;
				CLANG_CXX_LANGUAGE_STANDARD = "gnu++17";
				CLANG_ENABLE_MODULES = YES;
				CLANG_ENABLE_OBJC_ARC = YES;
				CLANG_ENABLE_OBJC_WEAK = YES;
				CLANG_WARN_BLOCK_CAPTURE_AUTORELEASING = YES;
				CLANG_WARN_BOOL_CONVERSION = YES;
				CLANG_WARN_COMMA = YES;
				CLANG_WARN_CONSTANT_CONVERSION = YES;
				CLANG_WARN_DEPRECATED_OBJC_IMPLEMENTATIONS = YES;
				CLANG_WARN_DIRECT_OBJC_ISA_USAGE = YES_ERROR;
				CLANG_WARN_DOCUMENTATION_COMMENTS = YES;
				CLANG_WARN_EMPTY_BODY = YES;
				CLANG_WARN_ENUM_CONVERSION = YES;
				CLANG_WARN_INFINITE_RECURSION = YES;
				CLANG_WARN_INT_CONVERSION = YES;
				CLANG_WARN_NON_LITERAL_NULL_CONVERSION = YES;
				CLANG_WARN_OBJC_IMPLICIT_RETAIN_SELF = YES;
				CLANG_WARN_OBJC_LITERAL_CONVERSION = YES;
				CLANG_WARN_OBJC_ROOT_CLASS = YES_ERROR;
				CLANG_WARN_QUOTED_INCLUDE_IN_FRAMEWORK_HEADER = YES;
				CLANG_WARN_RANGE_LOOP_ANALYSIS = YES;
				CLANG_WARN_STRICT_PROTOTYPES = YES;
				CLANG_WARN_SUSPICIOUS_MOVE = YES;
				CLANG_WARN_UNGUARDED_AVAILABILITY = YES_AGGRESSIVE;
				CLANG_WARN_UNREACHABLE_CODE = YES;
				CLANG_WARN__DUPLICATE_METHOD_MATCH = YES;
				COPY_PHASE_STRIP = NO;
				DEBUG_INFORMATION_FORMAT = dwarf;
				ENABLE_STRICT_OBJC_MSGSEND = YES;
				ENABLE_TESTABILITY = YES;
				GCC_C_LANGUAGE_STANDARD = gnu11;
				GCC_DYNAMIC_NO_PIC = NO;
				GCC_NO_COMMON_BLOCKS = YES;
				GCC_OPTIMIZATION_LEVEL = 0;
				GCC_PREPROCESSOR_DEFINITIONS = (
					"DEBUG=1",
					"$(inherited)",
				);
				GCC_WARN_64_TO_32_BIT_CONVERSION = YES;
				GCC_WARN_ABOUT_RETURN_TYPE = YES_ERROR;
				GCC_WARN_UNDECLARED_SELECTOR = YES;
				GCC_WARN_UNINITIALIZED_AUTOS = YES_AGGRESSIVE;
				GCC_WARN_UNUSED_FUNCTION = YES;
				GCC_WARN_UNUSED_VARIABLE = YES;
				IPHONEOS_DEPLOYMENT_TARGET = 15.0;
				MTL_ENABLE_DEBUG_INFO = INCLUDE_SOURCE;
				MTL_FAST_MATH = YES;
				ONLY_ACTIVE_ARCH = YES;
				SDKROOT = iphoneos;
				SWIFT_ACTIVE_COMPILATION_CONDITIONS = DEBUG;
				SWIFT_OPTIMIZATION_LEVEL = "-Onone";
			};
			name = Debug;
		};
		D28A5BF7290BE37B005F5D50 /* Release */ = {
			isa = XCBuildConfiguration;
			buildSettings = {
				ALWAYS_SEARCH_USER_PATHS = NO;
				CLANG_ANALYZER_NONNULL = YES;
				CLANG_ANALYZER_NUMBER_OBJECT_CONVERSION = YES_AGGRESSIVE;
				CLANG_CXX_LANGUAGE_STANDARD = "gnu++17";
				CLANG_ENABLE_MODULES = YES;
				CLANG_ENABLE_OBJC_ARC = YES;
				CLANG_ENABLE_OBJC_WEAK = YES;
				CLANG_WARN_BLOCK_CAPTURE_AUTORELEASING = YES;
				CLANG_WARN_BOOL_CONVERSION = YES;
				CLANG_WARN_COMMA = YES;
				CLANG_WARN_CONSTANT_CONVERSION = YES;
				CLANG_WARN_DEPRECATED_OBJC_IMPLEMENTATIONS = YES;
				CLANG_WARN_DIRECT_OBJC_ISA_USAGE = YES_ERROR;
				CLANG_WARN_DOCUMENTATION_COMMENTS = YES;
				CLANG_WARN_EMPTY_BODY = YES;
				CLANG_WARN_ENUM_CONVERSION = YES;
				CLANG_WARN_INFINITE_RECURSION = YES;
				CLANG_WARN_INT_CONVERSION = YES;
				CLANG_WARN_NON_LITERAL_NULL_CONVERSION = YES;
				CLANG_WARN_OBJC_IMPLICIT_RETAIN_SELF = YES;
				CLANG_WARN_OBJC_LITERAL_CONVERSION = YES;
				CLANG_WARN_OBJC_ROOT_CLASS = YES_ERROR;
				CLANG_WARN_QUOTED_INCLUDE_IN_FRAMEWORK_HEADER = YES;
				CLANG_WARN_RANGE_LOOP_ANALYSIS = YES;
				CLANG_WARN_STRICT_PROTOTYPES = YES;
				CLANG_WARN_SUSPICIOUS_MOVE = YES;
				CLANG_WARN_UNGUARDED_AVAILABILITY = YES_AGGRESSIVE;
				CLANG_WARN_UNREACHABLE_CODE = YES;
				CLANG_WARN__DUPLICATE_METHOD_MATCH = YES;
				COPY_PHASE_STRIP = NO;
				DEBUG_INFORMATION_FORMAT = "dwarf-with-dsym";
				ENABLE_NS_ASSERTIONS = NO;
				ENABLE_STRICT_OBJC_MSGSEND = YES;
				GCC_C_LANGUAGE_STANDARD = gnu11;
				GCC_NO_COMMON_BLOCKS = YES;
				GCC_WARN_64_TO_32_BIT_CONVERSION = YES;
				GCC_WARN_ABOUT_RETURN_TYPE = YES_ERROR;
				GCC_WARN_UNDECLARED_SELECTOR = YES;
				GCC_WARN_UNINITIALIZED_AUTOS = YES_AGGRESSIVE;
				GCC_WARN_UNUSED_FUNCTION = YES;
				GCC_WARN_UNUSED_VARIABLE = YES;
				IPHONEOS_DEPLOYMENT_TARGET = 15.0;
				MTL_ENABLE_DEBUG_INFO = NO;
				MTL_FAST_MATH = YES;
				SDKROOT = iphoneos;
				SWIFT_COMPILATION_MODE = wholemodule;
				SWIFT_OPTIMIZATION_LEVEL = "-O";
				VALIDATE_PRODUCT = YES;
			};
			name = Release;
		};
		D28A5BF9290BE37B005F5D50 /* Debug */ = {
			isa = XCBuildConfiguration;
			baseConfigurationReference = 7154E386B18B67A32248E8D7 /* Pods-Veganny Map.debug.xcconfig */;
			buildSettings = {
				ASSETCATALOG_COMPILER_APPICON_NAME = AppIcon;
				ASSETCATALOG_COMPILER_GLOBAL_ACCENT_COLOR_NAME = AccentColor;
				CODE_SIGN_ENTITLEMENTS = "Veganny Map/Veganny Map.entitlements";
				CODE_SIGN_STYLE = Automatic;
				CURRENT_PROJECT_VERSION = 1;
				DEVELOPMENT_TEAM = B683C2644L;
				GENERATE_INFOPLIST_FILE = YES;
				INFOPLIST_FILE = "Veganny Map/Info.plist";
				INFOPLIST_KEY_NSCameraUsageDescription = "將取用您的相機";
				INFOPLIST_KEY_NSLocationWhenInUseUsageDescription = "是否同意使用您的位置資訊？";
				INFOPLIST_KEY_NSPhotoLibraryUsageDescription = "將取用您的相簿";
				INFOPLIST_KEY_UIApplicationSupportsIndirectInputEvents = YES;
				INFOPLIST_KEY_UILaunchStoryboardName = LaunchScreen;
				INFOPLIST_KEY_UIMainStoryboardFile = Main;
				INFOPLIST_KEY_UISupportedInterfaceOrientations_iPad = "UIInterfaceOrientationPortrait UIInterfaceOrientationPortraitUpsideDown UIInterfaceOrientationLandscapeLeft UIInterfaceOrientationLandscapeRight";
				INFOPLIST_KEY_UISupportedInterfaceOrientations_iPhone = "UIInterfaceOrientationPortrait UIInterfaceOrientationLandscapeLeft UIInterfaceOrientationLandscapeRight";
				LD_RUNPATH_SEARCH_PATHS = (
					"$(inherited)",
					"@executable_path/Frameworks",
				);
				MARKETING_VERSION = 0.3.1;
				PRODUCT_BUNDLE_IDENTIFIER = "com.Hailey.Veganny-Map";
				PRODUCT_NAME = "$(TARGET_NAME)";
				SWIFT_EMIT_LOC_STRINGS = YES;
				SWIFT_VERSION = 5.0;
				TARGETED_DEVICE_FAMILY = "1,2";
			};
			name = Debug;
		};
		D28A5BFA290BE37B005F5D50 /* Release */ = {
			isa = XCBuildConfiguration;
			baseConfigurationReference = 0F65300785C72F81C38D5308 /* Pods-Veganny Map.release.xcconfig */;
			buildSettings = {
				ASSETCATALOG_COMPILER_APPICON_NAME = AppIcon;
				ASSETCATALOG_COMPILER_GLOBAL_ACCENT_COLOR_NAME = AccentColor;
				CODE_SIGN_ENTITLEMENTS = "Veganny Map/Veganny Map.entitlements";
				CODE_SIGN_STYLE = Automatic;
				CURRENT_PROJECT_VERSION = 1;
				DEVELOPMENT_TEAM = B683C2644L;
				GENERATE_INFOPLIST_FILE = YES;
				INFOPLIST_FILE = "Veganny Map/Info.plist";
				INFOPLIST_KEY_NSCameraUsageDescription = "將取用您的相機";
				INFOPLIST_KEY_NSLocationWhenInUseUsageDescription = "是否同意使用您的位置資訊？";
				INFOPLIST_KEY_NSPhotoLibraryUsageDescription = "將取用您的相簿";
				INFOPLIST_KEY_UIApplicationSupportsIndirectInputEvents = YES;
				INFOPLIST_KEY_UILaunchStoryboardName = LaunchScreen;
				INFOPLIST_KEY_UIMainStoryboardFile = Main;
				INFOPLIST_KEY_UISupportedInterfaceOrientations_iPad = "UIInterfaceOrientationPortrait UIInterfaceOrientationPortraitUpsideDown UIInterfaceOrientationLandscapeLeft UIInterfaceOrientationLandscapeRight";
				INFOPLIST_KEY_UISupportedInterfaceOrientations_iPhone = "UIInterfaceOrientationPortrait UIInterfaceOrientationLandscapeLeft UIInterfaceOrientationLandscapeRight";
				LD_RUNPATH_SEARCH_PATHS = (
					"$(inherited)",
					"@executable_path/Frameworks",
				);
				MARKETING_VERSION = 0.3.1;
				PRODUCT_BUNDLE_IDENTIFIER = "com.Hailey.Veganny-Map";
				PRODUCT_NAME = "$(TARGET_NAME)";
				SWIFT_EMIT_LOC_STRINGS = YES;
				SWIFT_VERSION = 5.0;
				TARGETED_DEVICE_FAMILY = "1,2";
			};
			name = Release;
		};
/* End XCBuildConfiguration section */

/* Begin XCConfigurationList section */
		D28A5BDF290BE379005F5D50 /* Build configuration list for PBXProject "Veganny Map" */ = {
			isa = XCConfigurationList;
			buildConfigurations = (
				D28A5BF6290BE37B005F5D50 /* Debug */,
				D28A5BF7290BE37B005F5D50 /* Release */,
			);
			defaultConfigurationIsVisible = 0;
			defaultConfigurationName = Release;
		};
		D28A5BF8290BE37B005F5D50 /* Build configuration list for PBXNativeTarget "Veganny Map" */ = {
			isa = XCConfigurationList;
			buildConfigurations = (
				D28A5BF9290BE37B005F5D50 /* Debug */,
				D28A5BFA290BE37B005F5D50 /* Release */,
			);
			defaultConfigurationIsVisible = 0;
			defaultConfigurationName = Release;
		};
/* End XCConfigurationList section */
	};
	rootObject = D28A5BDC290BE379005F5D50 /* Project object */;
}
